
Microsoft Visual Studio Solution File, Format Version 12.00
# Visual Studio Version 17
VisualStudioVersion = 17.14.36603.0 d17.14
MinimumVisualStudioVersion = 10.0.40219.1
Project("{888888A0-9F3D-457C-B088-3A5042F75D52}") = "DjangoWebProject1", "DjangoWebProject1\DjangoWebProject1.pyproj", "{3521BB2F-3013-4F61-A9CE-49E93A76767D}"
EndProject
Global
	GlobalSection(SolutionConfigurationPlatforms) = preSolution
		Debug|Any CPU = Debug|Any CPU
		Release|Any CPU = Release|Any CPU
	EndGlobalSection
	GlobalSection(ProjectConfigurationPlatforms) = postSolution
		{3521BB2F-3013-4F61-A9CE-49E93A76767D}.Debug|Any CPU.ActiveCfg = Debug|Any CPU
		{3521BB2F-3013-4F61-A9CE-49E93A76767D}.Debug|Any CPU.Build.0 = Debug|Any CPU
		{3521BB2F-3013-4F61-A9CE-49E93A76767D}.Release|Any CPU.ActiveCfg = Release|Any CPU
		{3521BB2F-3013-4F61-A9CE-49E93A76767D}.Release|Any CPU.Build.0 = Release|Any CPU
	EndGlobalSection
	GlobalSection(SolutionProperties) = preSolution
		HideSolutionNode = FALSE
	EndGlobalSection
	GlobalSection(ExtensibilityGlobals) = postSolution
		SolutionGuid = {D5A8FCBC-110A-413A-9E41-EEB1545A71A5}
	EndGlobalSection
EndGlobal
